// !$*UTF8*$!
{
	archiveVersion = 1;
	classes = {
	};
	objectVersion = 53;
	objects = {

/* Begin PBXBuildFile section */
		6F73BA7E29AA74DE0098E9AA /* AppDelegate.swift in Sources */ = {isa = PBXBuildFile; fileRef = 6F73BA7D29AA74DE0098E9AA /* AppDelegate.swift */; };
		6F73BA8029AA74DE0098E9AA /* SceneDelegate.swift in Sources */ = {isa = PBXBuildFile; fileRef = 6F73BA7F29AA74DE0098E9AA /* SceneDelegate.swift */; };
		6F73BA8729AA74DE0098E9AA /* Assets.xcassets in Resources */ = {isa = PBXBuildFile; fileRef = 6F73BA8629AA74DE0098E9AA /* Assets.xcassets */; };
		6F73BA8A29AA74DE0098E9AA /* LaunchScreen.storyboard in Resources */ = {isa = PBXBuildFile; fileRef = 6F73BA8829AA74DE0098E9AA /* LaunchScreen.storyboard */; };
		6F73BAA329AA790E0098E9AA /* TabBarViewController.swift in Sources */ = {isa = PBXBuildFile; fileRef = 6F73BAA229AA790E0098E9AA /* TabBarViewController.swift */; };
		6F73BAAC29AA798E0098E9AA /* TabBarRouter.swift in Sources */ = {isa = PBXBuildFile; fileRef = 6F73BAAB29AA798E0098E9AA /* TabBarRouter.swift */; };
		6F73BAB229AA79C30098E9AA /* TabBarConfigurator.swift in Sources */ = {isa = PBXBuildFile; fileRef = 6F73BAB129AA79C30098E9AA /* TabBarConfigurator.swift */; };
		6F73BABD29AA7BBD0098E9AA /* HomeViewController.swift in Sources */ = {isa = PBXBuildFile; fileRef = 6F73BABC29AA7BBD0098E9AA /* HomeViewController.swift */; };
		6F73BAC029AA7BE60098E9AA /* SearchViewController.swift in Sources */ = {isa = PBXBuildFile; fileRef = 6F73BABF29AA7BE60098E9AA /* SearchViewController.swift */; };
		6F73BAC529AA7C6D0098E9AA /* LibraryViewController.swift in Sources */ = {isa = PBXBuildFile; fileRef = 6F73BAC429AA7C6D0098E9AA /* LibraryViewController.swift */; };
		6F73BAC729AA84380098E9AA /* UIViewControllerEx.swift in Sources */ = {isa = PBXBuildFile; fileRef = 6F73BAC629AA84380098E9AA /* UIViewControllerEx.swift */; };
		6F73BAC929AA8A080098E9AA /* StringConstants.swift in Sources */ = {isa = PBXBuildFile; fileRef = 6F73BAC829AA8A080098E9AA /* StringConstants.swift */; };
		6F73BACC29AA8A1D0098E9AA /* Localizable.strings in Resources */ = {isa = PBXBuildFile; fileRef = 6F73BACE29AA8A1D0098E9AA /* Localizable.strings */; };
		6F73BAD029AA8AD30098E9AA /* StringEx.swift in Sources */ = {isa = PBXBuildFile; fileRef = 6F73BACF29AA8AD30098E9AA /* StringEx.swift */; };
		6F73BAD229AA91880098E9AA /* UIimageEx.swift in Sources */ = {isa = PBXBuildFile; fileRef = 6F73BAD129AA91880098E9AA /* UIimageEx.swift */; };
/* End PBXBuildFile section */

/* Begin PBXFileReference section */
		6F73BA7A29AA74DE0098E9AA /* spotifyClean.app */ = {isa = PBXFileReference; explicitFileType = wrapper.application; includeInIndex = 0; path = spotifyClean.app; sourceTree = BUILT_PRODUCTS_DIR; };
		6F73BA7D29AA74DE0098E9AA /* AppDelegate.swift */ = {isa = PBXFileReference; lastKnownFileType = sourcecode.swift; path = AppDelegate.swift; sourceTree = "<group>"; };
		6F73BA7F29AA74DE0098E9AA /* SceneDelegate.swift */ = {isa = PBXFileReference; lastKnownFileType = sourcecode.swift; path = SceneDelegate.swift; sourceTree = "<group>"; };
		6F73BA8629AA74DE0098E9AA /* Assets.xcassets */ = {isa = PBXFileReference; lastKnownFileType = folder.assetcatalog; path = Assets.xcassets; sourceTree = "<group>"; };
		6F73BA8929AA74DE0098E9AA /* Base */ = {isa = PBXFileReference; lastKnownFileType = file.storyboard; name = Base; path = Base.lproj/LaunchScreen.storyboard; sourceTree = "<group>"; };
		6F73BA8B29AA74DE0098E9AA /* Info.plist */ = {isa = PBXFileReference; lastKnownFileType = text.plist.xml; path = Info.plist; sourceTree = "<group>"; };
		6F73BAA229AA790E0098E9AA /* TabBarViewController.swift */ = {isa = PBXFileReference; lastKnownFileType = sourcecode.swift; path = TabBarViewController.swift; sourceTree = "<group>"; };
		6F73BAAB29AA798E0098E9AA /* TabBarRouter.swift */ = {isa = PBXFileReference; lastKnownFileType = sourcecode.swift; path = TabBarRouter.swift; sourceTree = "<group>"; };
		6F73BAB129AA79C30098E9AA /* TabBarConfigurator.swift */ = {isa = PBXFileReference; lastKnownFileType = sourcecode.swift; path = TabBarConfigurator.swift; sourceTree = "<group>"; };
		6F73BABC29AA7BBD0098E9AA /* HomeViewController.swift */ = {isa = PBXFileReference; lastKnownFileType = sourcecode.swift; path = HomeViewController.swift; sourceTree = "<group>"; };
		6F73BABF29AA7BE60098E9AA /* SearchViewController.swift */ = {isa = PBXFileReference; lastKnownFileType = sourcecode.swift; path = SearchViewController.swift; sourceTree = "<group>"; };
		6F73BAC429AA7C6D0098E9AA /* LibraryViewController.swift */ = {isa = PBXFileReference; lastKnownFileType = sourcecode.swift; path = LibraryViewController.swift; sourceTree = "<group>"; };
		6F73BAC629AA84380098E9AA /* UIViewControllerEx.swift */ = {isa = PBXFileReference; lastKnownFileType = sourcecode.swift; path = UIViewControllerEx.swift; sourceTree = "<group>"; };
		6F73BAC829AA8A080098E9AA /* StringConstants.swift */ = {isa = PBXFileReference; lastKnownFileType = sourcecode.swift; path = StringConstants.swift; sourceTree = "<group>"; };
		6F73BACD29AA8A1D0098E9AA /* en */ = {isa = PBXFileReference; lastKnownFileType = text.plist.strings; name = en; path = en.lproj/Localizable.strings; sourceTree = "<group>"; };
		6F73BACF29AA8AD30098E9AA /* StringEx.swift */ = {isa = PBXFileReference; lastKnownFileType = sourcecode.swift; path = StringEx.swift; sourceTree = "<group>"; };
		6F73BAD129AA91880098E9AA /* UIimageEx.swift */ = {isa = PBXFileReference; lastKnownFileType = sourcecode.swift; path = UIimageEx.swift; sourceTree = "<group>"; };
/* End PBXFileReference section */

/* Begin PBXFrameworksBuildPhase section */
		6F73BA7729AA74DE0098E9AA /* Frameworks */ = {
			isa = PBXFrameworksBuildPhase;
			buildActionMask = 2147483647;
			files = (
			);
			runOnlyForDeploymentPostprocessing = 0;
		};
/* End PBXFrameworksBuildPhase section */

/* Begin PBXGroup section */
		6F73BA7129AA74DD0098E9AA = {
			isa = PBXGroup;
			children = (
				6F73BA7C29AA74DE0098E9AA /* spotifyClean */,
				6F73BA7B29AA74DE0098E9AA /* Products */,
			);
			sourceTree = "<group>";
		};
		6F73BA7B29AA74DE0098E9AA /* Products */ = {
			isa = PBXGroup;
			children = (
				6F73BA7A29AA74DE0098E9AA /* spotifyClean.app */,
			);
			name = Products;
			sourceTree = "<group>";
		};
		6F73BA7C29AA74DE0098E9AA /* spotifyClean */ = {
			isa = PBXGroup;
			children = (
				6F73BA9129AA75880098E9AA /* AppDelegates */,
				6F73BA9729AA75F60098E9AA /* Constants */,
				6F73BA9329AA75B60098E9AA /* Extension */,
				6F73BA9529AA75E20098E9AA /* Helper */,
				6F73BA9629AA75EE0098E9AA /* Models */,
				6F73BA9229AA75A10098E9AA /* Resources */,
				6F73BA9829AA76210098E9AA /* Scene */,
				6F73BA9429AA75D10098E9AA /* Utility */,
				6F73BA8B29AA74DE0098E9AA /* Info.plist */,
				6F73BA8829AA74DE0098E9AA /* LaunchScreen.storyboard */,
			);
			path = spotifyClean;
			sourceTree = "<group>";
		};
		6F73BA9129AA75880098E9AA /* AppDelegates */ = {
			isa = PBXGroup;
			children = (
				6F73BA7D29AA74DE0098E9AA /* AppDelegate.swift */,
				6F73BA7F29AA74DE0098E9AA /* SceneDelegate.swift */,
			);
			path = AppDelegates;
			sourceTree = "<group>";
		};
		6F73BA9229AA75A10098E9AA /* Resources */ = {
			isa = PBXGroup;
			children = (
				6F73BA8629AA74DE0098E9AA /* Assets.xcassets */,
			);
			path = Resources;
			sourceTree = "<group>";
		};
		6F73BA9329AA75B60098E9AA /* Extension */ = {
			isa = PBXGroup;
			children = (
				6F73BAC629AA84380098E9AA /* UIViewControllerEx.swift */,
				6F73BACF29AA8AD30098E9AA /* StringEx.swift */,
				6F73BAD129AA91880098E9AA /* UIimageEx.swift */,
			);
			path = Extension;
			sourceTree = "<group>";
		};
		6F73BA9429AA75D10098E9AA /* Utility */ = {
			isa = PBXGroup;
			children = (
			);
			path = Utility;
			sourceTree = "<group>";
		};
		6F73BA9529AA75E20098E9AA /* Helper */ = {
			isa = PBXGroup;
			children = (
				6F73BABA29AA7B240098E9AA /* Managers */,
			);
			path = Helper;
			sourceTree = "<group>";
		};
		6F73BA9629AA75EE0098E9AA /* Models */ = {
			isa = PBXGroup;
			children = (
			);
			path = Models;
			sourceTree = "<group>";
		};
		6F73BA9729AA75F60098E9AA /* Constants */ = {
			isa = PBXGroup;
			children = (
				6F73BAC829AA8A080098E9AA /* StringConstants.swift */,
				6F73BACE29AA8A1D0098E9AA /* Localizable.strings */,
			);
			path = Constants;
			sourceTree = "<group>";
		};
		6F73BA9829AA76210098E9AA /* Scene */ = {
			isa = PBXGroup;
			children = (
				6F73BAC329AA7C220098E9AA /* Others */,
				6F73BAC229AA7C1B0098E9AA /* Core */,
			);
			path = Scene;
			sourceTree = "<group>";
		};
		6F73BA9929AA78290098E9AA /* TabBarScene */ = {
			isa = PBXGroup;
			children = (
				6F73BAAA29AA79810098E9AA /* Router */,
				6F73BAA129AA78BB0098E9AA /* Configurator */,
				6F73BA9B29AA78590098E9AA /* Controller */,
			);
			path = TabBarScene;
			sourceTree = "<group>";
		};
		6F73BA9B29AA78590098E9AA /* Controller */ = {
			isa = PBXGroup;
			children = (
				6F73BAA229AA790E0098E9AA /* TabBarViewController.swift */,
			);
			path = Controller;
			sourceTree = "<group>";
		};
		6F73BAA129AA78BB0098E9AA /* Configurator */ = {
			isa = PBXGroup;
			children = (
				6F73BAB129AA79C30098E9AA /* TabBarConfigurator.swift */,
			);
			path = Configurator;
			sourceTree = "<group>";
		};
		6F73BAAA29AA79810098E9AA /* Router */ = {
			isa = PBXGroup;
			children = (
				6F73BAAB29AA798E0098E9AA /* TabBarRouter.swift */,
			);
			path = Router;
			sourceTree = "<group>";
		};
		6F73BAB329AA7A610098E9AA /* AuthScene */ = {
			isa = PBXGroup;
			children = (
			);
			path = AuthScene;
			sourceTree = "<group>";
		};
		6F73BAB429AA7A980098E9AA /* WelcomeScene */ = {
			isa = PBXGroup;
			children = (
			);
			path = WelcomeScene;
			sourceTree = "<group>";
		};
		6F73BAB529AA7AAA0098E9AA /* SettingsScene */ = {
			isa = PBXGroup;
			children = (
			);
			path = SettingsScene;
			sourceTree = "<group>";
		};
		6F73BAB629AA7AB90098E9AA /* ProfileScene */ = {
			isa = PBXGroup;
			children = (
			);
			path = ProfileScene;
			sourceTree = "<group>";
		};
		6F73BAB729AA7AD30098E9AA /* PlayerScene */ = {
			isa = PBXGroup;
			children = (
			);
			path = PlayerScene;
			sourceTree = "<group>";
		};
		6F73BAB829AA7ADB0098E9AA /* PlaylistScene */ = {
			isa = PBXGroup;
			children = (
			);
			path = PlaylistScene;
			sourceTree = "<group>";
		};
		6F73BAB929AA7AE90098E9AA /* SearchResultScene */ = {
			isa = PBXGroup;
			children = (
			);
			path = SearchResultScene;
			sourceTree = "<group>";
		};
		6F73BABA29AA7B240098E9AA /* Managers */ = {
			isa = PBXGroup;
			children = (
			);
			path = Managers;
			sourceTree = "<group>";
		};
		6F73BABB29AA7B9C0098E9AA /* HomeScene */ = {
			isa = PBXGroup;
			children = (
				6F73BABC29AA7BBD0098E9AA /* HomeViewController.swift */,
			);
			path = HomeScene;
			sourceTree = "<group>";
		};
		6F73BABE29AA7BCF0098E9AA /* SearchScene */ = {
			isa = PBXGroup;
			children = (
				6F73BABF29AA7BE60098E9AA /* SearchViewController.swift */,
			);
			path = SearchScene;
			sourceTree = "<group>";
		};
		6F73BAC129AA7C060098E9AA /* LibaryScene */ = {
			isa = PBXGroup;
			children = (
				6F73BAC429AA7C6D0098E9AA /* LibraryViewController.swift */,
			);
			path = LibaryScene;
			sourceTree = "<group>";
		};
		6F73BAC229AA7C1B0098E9AA /* Core */ = {
			isa = PBXGroup;
			children = (
				6F73BA9929AA78290098E9AA /* TabBarScene */,
				6F73BABB29AA7B9C0098E9AA /* HomeScene */,
				6F73BABE29AA7BCF0098E9AA /* SearchScene */,
				6F73BAC129AA7C060098E9AA /* LibaryScene */,
			);
			path = Core;
			sourceTree = "<group>";
		};
		6F73BAC329AA7C220098E9AA /* Others */ = {
			isa = PBXGroup;
			children = (
				6F73BAB329AA7A610098E9AA /* AuthScene */,
				6F73BAB429AA7A980098E9AA /* WelcomeScene */,
				6F73BAB529AA7AAA0098E9AA /* SettingsScene */,
				6F73BAB629AA7AB90098E9AA /* ProfileScene */,
				6F73BAB729AA7AD30098E9AA /* PlayerScene */,
				6F73BAB829AA7ADB0098E9AA /* PlaylistScene */,
				6F73BAB929AA7AE90098E9AA /* SearchResultScene */,
			);
			path = Others;
			sourceTree = "<group>";
		};
/* End PBXGroup section */

/* Begin PBXNativeTarget section */
		6F73BA7929AA74DE0098E9AA /* spotifyClean */ = {
			isa = PBXNativeTarget;
			buildConfigurationList = 6F73BA8E29AA74DE0098E9AA /* Build configuration list for PBXNativeTarget "spotifyClean" */;
			buildPhases = (
				6F73BA7629AA74DE0098E9AA /* Sources */,
				6F73BA7729AA74DE0098E9AA /* Frameworks */,
				6F73BA7829AA74DE0098E9AA /* Resources */,
			);
			buildRules = (
			);
			dependencies = (
			);
			name = spotifyClean;
			productName = spotifyClean;
			productReference = 6F73BA7A29AA74DE0098E9AA /* spotifyClean.app */;
			productType = "com.apple.product-type.application";
		};
/* End PBXNativeTarget section */

/* Begin PBXProject section */
		6F73BA7229AA74DD0098E9AA /* Project object */ = {
			isa = PBXProject;
			attributes = {
				BuildIndependentTargetsInParallel = 1;
				LastSwiftUpdateCheck = 1420;
				LastUpgradeCheck = 1420;
				TargetAttributes = {
					6F73BA7929AA74DE0098E9AA = {
						CreatedOnToolsVersion = 14.2;
					};
				};
			};
			buildConfigurationList = 6F73BA7529AA74DD0098E9AA /* Build configuration list for PBXProject "spotifyClean" */;
			compatibilityVersion = "Xcode 11.4";
			developmentRegion = en;
			hasScannedForEncodings = 0;
			knownRegions = (
				en,
				Base,
			);
			mainGroup = 6F73BA7129AA74DD0098E9AA;
			productRefGroup = 6F73BA7B29AA74DE0098E9AA /* Products */;
			projectDirPath = "";
			projectRoot = "";
			targets = (
				6F73BA7929AA74DE0098E9AA /* spotifyClean */,
			);
		};
/* End PBXProject section */

/* Begin PBXResourcesBuildPhase section */
		6F73BA7829AA74DE0098E9AA /* Resources */ = {
			isa = PBXResourcesBuildPhase;
			buildActionMask = 2147483647;
			files = (
				6F73BA8A29AA74DE0098E9AA /* LaunchScreen.storyboard in Resources */,
				6F73BACC29AA8A1D0098E9AA /* Localizable.strings in Resources */,
				6F73BA8729AA74DE0098E9AA /* Assets.xcassets in Resources */,
			);
			runOnlyForDeploymentPostprocessing = 0;
		};
/* End PBXResourcesBuildPhase section */

/* Begin PBXSourcesBuildPhase section */
		6F73BA7629AA74DE0098E9AA /* Sources */ = {
			isa = PBXSourcesBuildPhase;
			buildActionMask = 2147483647;
			files = (
				6F73BAA329AA790E0098E9AA /* TabBarViewController.swift in Sources */,
				6F73BAB229AA79C30098E9AA /* TabBarConfigurator.swift in Sources */,
				6F73BAAC29AA798E0098E9AA /* TabBarRouter.swift in Sources */,
				6F73BAC029AA7BE60098E9AA /* SearchViewController.swift in Sources */,
				6F73BAC929AA8A080098E9AA /* StringConstants.swift in Sources */,
				6F73BABD29AA7BBD0098E9AA /* HomeViewController.swift in Sources */,
				6F73BAC729AA84380098E9AA /* UIViewControllerEx.swift in Sources */,
				6F73BA7E29AA74DE0098E9AA /* AppDelegate.swift in Sources */,
				6F73BAD029AA8AD30098E9AA /* StringEx.swift in Sources */,
				6F73BAD229AA91880098E9AA /* UIimageEx.swift in Sources */,
				6F73BA8029AA74DE0098E9AA /* SceneDelegate.swift in Sources */,
				6F73BAC529AA7C6D0098E9AA /* LibraryViewController.swift in Sources */,
			);
			runOnlyForDeploymentPostprocessing = 0;
		};
/* End PBXSourcesBuildPhase section */

/* Begin PBXVariantGroup section */
		6F73BA8829AA74DE0098E9AA /* LaunchScreen.storyboard */ = {
			isa = PBXVariantGroup;
			children = (
				6F73BA8929AA74DE0098E9AA /* Base */,
			);
			name = LaunchScreen.storyboard;
			sourceTree = "<group>";
		};
		6F73BACE29AA8A1D0098E9AA /* Localizable.strings */ = {
			isa = PBXVariantGroup;
			children = (
				6F73BACD29AA8A1D0098E9AA /* en */,
			);
			name = Localizable.strings;
			sourceTree = "<group>";
		};
/* End PBXVariantGroup section */

/* Begin XCBuildConfiguration section */
		6F73BA8C29AA74DE0098E9AA /* Debug */ = {
			isa = XCBuildConfiguration;
			buildSettings = {
				ALWAYS_SEARCH_USER_PATHS = NO;
				CLANG_ANALYZER_NONNULL = YES;
				CLANG_ANALYZER_NUMBER_OBJECT_CONVERSION = YES_AGGRESSIVE;
				CLANG_CXX_LANGUAGE_STANDARD = "gnu++20";
				CLANG_ENABLE_MODULES = YES;
				CLANG_ENABLE_OBJC_ARC = YES;
				CLANG_ENABLE_OBJC_WEAK = YES;
				CLANG_WARN_BLOCK_CAPTURE_AUTORELEASING = YES;
				CLANG_WARN_BOOL_CONVERSION = YES;
				CLANG_WARN_COMMA = YES;
				CLANG_WARN_CONSTANT_CONVERSION = YES;
				CLANG_WARN_DEPRECATED_OBJC_IMPLEMENTATIONS = YES;
				CLANG_WARN_DIRECT_OBJC_ISA_USAGE = YES_ERROR;
				CLANG_WARN_DOCUMENTATION_COMMENTS = YES;
				CLANG_WARN_EMPTY_BODY = YES;
				CLANG_WARN_ENUM_CONVERSION = YES;
				CLANG_WARN_INFINITE_RECURSION = YES;
				CLANG_WARN_INT_CONVERSION = YES;
				CLANG_WARN_NON_LITERAL_NULL_CONVERSION = YES;
				CLANG_WARN_OBJC_IMPLICIT_RETAIN_SELF = YES;
				CLANG_WARN_OBJC_LITERAL_CONVERSION = YES;
				CLANG_WARN_OBJC_ROOT_CLASS = YES_ERROR;
				CLANG_WARN_QUOTED_INCLUDE_IN_FRAMEWORK_HEADER = YES;
				CLANG_WARN_RANGE_LOOP_ANALYSIS = YES;
				CLANG_WARN_STRICT_PROTOTYPES = YES;
				CLANG_WARN_SUSPICIOUS_MOVE = YES;
				CLANG_WARN_UNGUARDED_AVAILABILITY = YES_AGGRESSIVE;
				CLANG_WARN_UNREACHABLE_CODE = YES;
				CLANG_WARN__DUPLICATE_METHOD_MATCH = YES;
				COPY_PHASE_STRIP = NO;
				DEBUG_INFORMATION_FORMAT = dwarf;
				ENABLE_STRICT_OBJC_MSGSEND = YES;
				ENABLE_TESTABILITY = YES;
				GCC_C_LANGUAGE_STANDARD = gnu11;
				GCC_DYNAMIC_NO_PIC = NO;
				GCC_NO_COMMON_BLOCKS = YES;
				GCC_OPTIMIZATION_LEVEL = 0;
				GCC_PREPROCESSOR_DEFINITIONS = (
					"DEBUG=1",
					"$(inherited)",
				);
				GCC_WARN_64_TO_32_BIT_CONVERSION = YES;
				GCC_WARN_ABOUT_RETURN_TYPE = YES_ERROR;
				GCC_WARN_UNDECLARED_SELECTOR = YES;
				GCC_WARN_UNINITIALIZED_AUTOS = YES_AGGRESSIVE;
				GCC_WARN_UNUSED_FUNCTION = YES;
				GCC_WARN_UNUSED_VARIABLE = YES;
				IPHONEOS_DEPLOYMENT_TARGET = 16.2;
				MTL_ENABLE_DEBUG_INFO = INCLUDE_SOURCE;
				MTL_FAST_MATH = YES;
				ONLY_ACTIVE_ARCH = YES;
				SDKROOT = iphoneos;
				SWIFT_ACTIVE_COMPILATION_CONDITIONS = DEBUG;
				SWIFT_OPTIMIZATION_LEVEL = "-Onone";
			};
			name = Debug;
		};
		6F73BA8D29AA74DE0098E9AA /* Release */ = {
			isa = XCBuildConfiguration;
			buildSettings = {
				ALWAYS_SEARCH_USER_PATHS = NO;
				CLANG_ANALYZER_NONNULL = YES;
				CLANG_ANALYZER_NUMBER_OBJECT_CONVERSION = YES_AGGRESSIVE;
				CLANG_CXX_LANGUAGE_STANDARD = "gnu++20";
				CLANG_ENABLE_MODULES = YES;
				CLANG_ENABLE_OBJC_ARC = YES;
				CLANG_ENABLE_OBJC_WEAK = YES;
				CLANG_WARN_BLOCK_CAPTURE_AUTORELEASING = YES;
				CLANG_WARN_BOOL_CONVERSION = YES;
				CLANG_WARN_COMMA = YES;
				CLANG_WARN_CONSTANT_CONVERSION = YES;
				CLANG_WARN_DEPRECATED_OBJC_IMPLEMENTATIONS = YES;
				CLANG_WARN_DIRECT_OBJC_ISA_USAGE = YES_ERROR;
				CLANG_WARN_DOCUMENTATION_COMMENTS = YES;
				CLANG_WARN_EMPTY_BODY = YES;
				CLANG_WARN_ENUM_CONVERSION = YES;
				CLANG_WARN_INFINITE_RECURSION = YES;
				CLANG_WARN_INT_CONVERSION = YES;
				CLANG_WARN_NON_LITERAL_NULL_CONVERSION = YES;
				CLANG_WARN_OBJC_IMPLICIT_RETAIN_SELF = YES;
				CLANG_WARN_OBJC_LITERAL_CONVERSION = YES;
				CLANG_WARN_OBJC_ROOT_CLASS = YES_ERROR;
				CLANG_WARN_QUOTED_INCLUDE_IN_FRAMEWORK_HEADER = YES;
				CLANG_WARN_RANGE_LOOP_ANALYSIS = YES;
				CLANG_WARN_STRICT_PROTOTYPES = YES;
				CLANG_WARN_SUSPICIOUS_MOVE = YES;
				CLANG_WARN_UNGUARDED_AVAILABILITY = YES_AGGRESSIVE;
				CLANG_WARN_UNREACHABLE_CODE = YES;
				CLANG_WARN__DUPLICATE_METHOD_MATCH = YES;
				COPY_PHASE_STRIP = NO;
				DEBUG_INFORMATION_FORMAT = "dwarf-with-dsym";
				ENABLE_NS_ASSERTIONS = NO;
				ENABLE_STRICT_OBJC_MSGSEND = YES;
				GCC_C_LANGUAGE_STANDARD = gnu11;
				GCC_NO_COMMON_BLOCKS = YES;
				GCC_WARN_64_TO_32_BIT_CONVERSION = YES;
				GCC_WARN_ABOUT_RETURN_TYPE = YES_ERROR;
				GCC_WARN_UNDECLARED_SELECTOR = YES;
				GCC_WARN_UNINITIALIZED_AUTOS = YES_AGGRESSIVE;
				GCC_WARN_UNUSED_FUNCTION = YES;
				GCC_WARN_UNUSED_VARIABLE = YES;
				IPHONEOS_DEPLOYMENT_TARGET = 16.2;
				MTL_ENABLE_DEBUG_INFO = NO;
				MTL_FAST_MATH = YES;
				SDKROOT = iphoneos;
				SWIFT_COMPILATION_MODE = wholemodule;
				SWIFT_OPTIMIZATION_LEVEL = "-O";
				VALIDATE_PRODUCT = YES;
			};
			name = Release;
		};
		6F73BA8F29AA74DE0098E9AA /* Debug */ = {
			isa = XCBuildConfiguration;
			buildSettings = {
				ASSETCATALOG_COMPILER_APPICON_NAME = AppIcon;
				ASSETCATALOG_COMPILER_GLOBAL_ACCENT_COLOR_NAME = AccentColor;
				CODE_SIGN_STYLE = Automatic;
				CURRENT_PROJECT_VERSION = 1;
				GENERATE_INFOPLIST_FILE = YES;
				INFOPLIST_FILE = spotifyClean/Info.plist;
				INFOPLIST_KEY_UIApplicationSupportsIndirectInputEvents = YES;
				INFOPLIST_KEY_UILaunchStoryboardName = LaunchScreen;
				INFOPLIST_KEY_UISupportedInterfaceOrientations_iPad = "UIInterfaceOrientationPortrait UIInterfaceOrientationPortraitUpsideDown UIInterfaceOrientationLandscapeLeft UIInterfaceOrientationLandscapeRight";
				INFOPLIST_KEY_UISupportedInterfaceOrientations_iPhone = "UIInterfaceOrientationPortrait UIInterfaceOrientationLandscapeLeft UIInterfaceOrientationLandscapeRight";
				IPHONEOS_DEPLOYMENT_TARGET = 14.0;
				LD_RUNPATH_SEARCH_PATHS = (
					"$(inherited)",
					"@executable_path/Frameworks",
				);
				MARKETING_VERSION = 1.0;
				PRODUCT_BUNDLE_IDENTIFIER = com.rashed.spotifyClean;
				PRODUCT_NAME = "$(TARGET_NAME)";
				SUPPORTED_PLATFORMS = "iphoneos iphonesimulator";
				SUPPORTS_MACCATALYST = NO;
				SUPPORTS_MAC_DESIGNED_FOR_IPHONE_IPAD = NO;
				SWIFT_EMIT_LOC_STRINGS = YES;
				SWIFT_VERSION = 5.0;
				TARGETED_DEVICE_FAMILY = 1;
			};
			name = Debug;
		};
		6F73BA9029AA74DE0098E9AA /* Release */ = {
			isa = XCBuildConfiguration;
			buildSettings = {
				ASSETCATALOG_COMPILER_APPICON_NAME = AppIcon;
				ASSETCATALOG_COMPILER_GLOBAL_ACCENT_COLOR_NAME = AccentColor;
				CODE_SIGN_STYLE = Automatic;
				CURRENT_PROJECT_VERSION = 1;
				GENERATE_INFOPLIST_FILE = YES;
				INFOPLIST_FILE = spotifyClean/Info.plist;
				INFOPLIST_KEY_UIApplicationSupportsIndirectInputEvents = YES;
				INFOPLIST_KEY_UILaunchStoryboardName = LaunchScreen;
				INFOPLIST_KEY_UISupportedInterfaceOrientations_iPad = "UIInterfaceOrientationPortrait UIInterfaceOrientationPortraitUpsideDown UIInterfaceOrientationLandscapeLeft UIInterfaceOrientationLandscapeRight";
				INFOPLIST_KEY_UISupportedInterfaceOrientations_iPhone = "UIInterfaceOrientationPortrait UIInterfaceOrientationLandscapeLeft UIInterfaceOrientationLandscapeRight";
				IPHONEOS_DEPLOYMENT_TARGET = 14.0;
				LD_RUNPATH_SEARCH_PATHS = (
					"$(inherited)",
					"@executable_path/Frameworks",
				);
				MARKETING_VERSION = 1.0;
				PRODUCT_BUNDLE_IDENTIFIER = com.rashed.spotifyClean;
				PRODUCT_NAME = "$(TARGET_NAME)";
				SUPPORTED_PLATFORMS = "iphoneos iphonesimulator";
				SUPPORTS_MACCATALYST = NO;
				SUPPORTS_MAC_DESIGNED_FOR_IPHONE_IPAD = NO;
				SWIFT_EMIT_LOC_STRINGS = YES;
				SWIFT_VERSION = 5.0;
				TARGETED_DEVICE_FAMILY = 1;
			};
			name = Release;
		};
/* End XCBuildConfiguration section */

/* Begin XCConfigurationList section */
		6F73BA7529AA74DD0098E9AA /* Build configuration list for PBXProject "spotifyClean" */ = {
			isa = XCConfigurationList;
			buildConfigurations = (
				6F73BA8C29AA74DE0098E9AA /* Debug */,
				6F73BA8D29AA74DE0098E9AA /* Release */,
			);
			defaultConfigurationIsVisible = 0;
			defaultConfigurationName = Release;
		};
		6F73BA8E29AA74DE0098E9AA /* Build configuration list for PBXNativeTarget "spotifyClean" */ = {
			isa = XCConfigurationList;
			buildConfigurations = (
				6F73BA8F29AA74DE0098E9AA /* Debug */,
				6F73BA9029AA74DE0098E9AA /* Release */,
			);
			defaultConfigurationIsVisible = 0;
			defaultConfigurationName = Release;
		};
/* End XCConfigurationList section */
	};
	rootObject = 6F73BA7229AA74DD0098E9AA /* Project object */;
}
